
Microsoft Visual Studio Solution File, Format Version 12.00
# Visual Studio Version 16
VisualStudioVersion = 16.0.30907.101
MinimumVisualStudioVersion = 10.0.40219.1
Project("{9A19103F-16F7-4668-BE54-9A1E7A4F7556}") = "Uppgift2", "Uppgift2-1\Uppgift2.csproj", "{9330ECCA-FD68-4489-8797-8A4D71A9F33D}"
EndProject
Global
	GlobalSection(SolutionConfigurationPlatforms) = preSolution
		Debug|Any CPU = Debug|Any CPU
		Release|Any CPU = Release|Any CPU
	EndGlobalSection
	GlobalSection(ProjectConfigurationPlatforms) = postSolution
		{9330ECCA-FD68-4489-8797-8A4D71A9F33D}.Debug|Any CPU.ActiveCfg = Debug|Any CPU
		{9330ECCA-FD68-4489-8797-8A4D71A9F33D}.Debug|Any CPU.Build.0 = Debug|Any CPU
		{9330ECCA-FD68-4489-8797-8A4D71A9F33D}.Release|Any CPU.ActiveCfg = Release|Any CPU
		{9330ECCA-FD68-4489-8797-8A4D71A9F33D}.Release|Any CPU.Build.0 = Release|Any CPU
	EndGlobalSection
	GlobalSection(SolutionProperties) = preSolution
		HideSolutionNode = FALSE
	EndGlobalSection
	GlobalSection(ExtensibilityGlobals) = postSolution
		SolutionGuid = {55EE67F3-B407-454E-A54E-2A422E4D530E}
	EndGlobalSection
EndGlobal
